
Microsoft Visual Studio Solution File, Format Version 12.00
Project("{FAE04EC0-301F-11D3-BF4B-00C04F79EFBC}") = "P19-HelloWorld", "P19-HelloWorld\P19-HelloWorld.csproj", "{EA79371E-F240-420B-BAA4-D62D43DCF59E}"
EndProject
Project("{FAE04EC0-301F-11D3-BF4B-00C04F79EFBC}") = "P24E2-TheMakingsOfAProgrammer", "P24E2-TheMakingsOfAProgrammer\P24E2-TheMakingsOfAProgrammer.csproj", "{D16C9D47-8809-4024-8326-D87755AEB532}"
EndProject
Project("{FAE04EC0-301F-11D3-BF4B-00C04F79EFBC}") = "P24E1-WhatComesNext", "P24E1-WhatComesNext\P24E1-WhatComesNext.csproj", "{0CC7CA1E-77D9-4AD5-8DCA-EF664C77996C}"
EndProject
Project("{FAE04EC0-301F-11D3-BF4B-00C04F79EFBC}") = "P26-ConsolasAndTelim", "P26-ConsolasAndTelim\P26-ConsolasAndTelim.csproj", "{1B5F2114-3CFC-48A6-9488-81BF1EC04EBF}"
EndProject
Project("{FAE04EC0-301F-11D3-BF4B-00C04F79EFBC}") = "P31-TheThingNamer3000", "P31-TheThingNamer3000\P31-TheThingNamer3000.csproj", "{340F0907-CEF5-4A24-9298-06A50D897C04}"
EndProject
Project("{FAE04EC0-301F-11D3-BF4B-00C04F79EFBC}") = "P45E1-TheVariableShop", "P45E1-TheVariableShop\P45E1-TheVariableShop.csproj", "{7F3AD952-C83B-4865-BE35-CCF643ADA7BD}"
EndProject
Project("{FAE04EC0-301F-11D3-BF4B-00C04F79EFBC}") = "P45E2-TheVariableShopReturns", "P45E2-TheVariableShopReturns\P45E2-TheVariableShopReturns.csproj", "{CA655C9B-9197-4641-9E42-1C778FEC3344}"
EndProject
Project("{FAE04EC0-301F-11D3-BF4B-00C04F79EFBC}") = "P53-TheTriangleFarmer", "P53-TheTriangleFarmer\P53-TheTriangleFarmer.csproj", "{4E72A90D-22C3-45BC-958D-2904409EEA6A}"
EndProject
Project("{FAE04EC0-301F-11D3-BF4B-00C04F79EFBC}") = "P56-TheFourSistersAndTheDuckbear", "P56-TheFourSistersAndTheDuckbear\P56-TheFourSistersAndTheDuckbear.csproj", "{1FB8A29C-8BE4-4CFC-986E-AEB2D9DC7717}"
EndProject
Project("{FAE04EC0-301F-11D3-BF4B-00C04F79EFBC}") = "P57-TheDominionOfKings", "P57-TheDominionOfKings\P57-TheDominionOfKings.csproj", "{0435063F-A216-4414-B5E7-F83C4EDC4194}"
EndProject
Project("{FAE04EC0-301F-11D3-BF4B-00C04F79EFBC}") = "P68-TheDefenseOfConsolas", "P68-TheDefenseOfConsolas\P68-TheDefenseOfConsolas.csproj", "{73355C57-C444-43FD-AF22-04E11FA3BA40}"
EndProject
Project("{FAE04EC0-301F-11D3-BF4B-00C04F79EFBC}") = "P75-RepairingTheClocktower", "P75-RepairingTheClocktower\P75-RepairingTheClocktower.csproj", "{C5C1E685-9D9B-4B34-B7BF-5DE517A5A68E}"
EndProject
Project("{FAE04EC0-301F-11D3-BF4B-00C04F79EFBC}") = "P78-Watchtower", "P78-Watchtower\P78-Watchtower.csproj", "{EBF18F83-0386-4906-BADF-4A2E5C111400}"
EndProject
Project("{FAE04EC0-301F-11D3-BF4B-00C04F79EFBC}") = "P82-BuyingInventory", "P82-BuyingInventory\P82-BuyingInventory.csproj", "{E1C5DB96-A016-463D-943A-05533D1942A3}"
EndProject
Project("{FAE04EC0-301F-11D3-BF4B-00C04F79EFBC}") = "P83-DiscountedInventory", "P83-DiscountedInventory\P83-DiscountedInventory.csproj", "{3591B12D-D709-44ED-A98E-83B6D15D05C2}"
EndProject
Project("{FAE04EC0-301F-11D3-BF4B-00C04F79EFBC}") = "P88-ThePrototype", "P88-ThePrototype\P88-ThePrototype.csproj", "{F74459C8-6B88-4C5E-B779-45584925AC25}"
EndProject
Project("{FAE04EC0-301F-11D3-BF4B-00C04F79EFBC}") = "P89-TheMagicCannon", "P89-TheMagicCannon\P89-TheMagicCannon.csproj", "{9E88D946-DA43-434D-8E2C-FC94A105DE1B}"
EndProject
Project("{FAE04EC0-301F-11D3-BF4B-00C04F79EFBC}") = "P94-TheReplicatorOfDTo", "P94-TheReplicatorOfDTo\P94-TheReplicatorOfDTo.csproj", "{1C6723BD-D744-45A3-A8EF-2FD0593A6D75}"
EndProject
Project("{FAE04EC0-301F-11D3-BF4B-00C04F79EFBC}") = "P124-HuntingTheManticore", "P124-HuntingTheManticore\P124-HuntingTheManticore.csproj", "{BC2EAD56-3339-4F17-9BF7-D57A61C20E2F}"
EndProject
Project("{FAE04EC0-301F-11D3-BF4B-00C04F79EFBC}") = "P135-SimulasTest", "P135-SimulasTest\P135-SimulasTest.csproj", "{D280D14C-B89D-477C-BD36-5CD519260404}"
EndProject
Project("{FAE04EC0-301F-11D3-BF4B-00C04F79EFBC}") = "P143-SimulasSoup", "P143-SimulasSoup\P143-SimulasSoup.csproj", "{6FB28A3D-C781-420E-BC44-EA63DCA338CF}"
EndProject
Project("{FAE04EC0-301F-11D3-BF4B-00C04F79EFBC}") = "P154-VinFletchersArrows", "P154-VinFletchersArrows\P154-VinFletchersArrows.csproj", "{C84CB7E6-648A-43F2-9FF2-7B797E284875}"
EndProject
Project("{FAE04EC0-301F-11D3-BF4B-00C04F79EFBC}") = "P162-VinsTrouble", "P162-VinsTrouble\P162-VinsTrouble.csproj", "{70C34D50-8AFD-457B-BDB6-219542140D91}"
EndProject
Project("{FAE04EC0-301F-11D3-BF4B-00C04F79EFBC}") = "P168-ThePropertiesOfArrows", "P168-ThePropertiesOfArrows\P168-ThePropertiesOfArrows.csproj", "{A8DB7F44-A4D1-43C0-AFDD-93EED2533A8F}"
EndProject
Project("{FAE04EC0-301F-11D3-BF4B-00C04F79EFBC}") = "P173-ArrowFactories", "P173-ArrowFactories\P173-ArrowFactories.csproj", "{ADE6B86C-D8C9-4967-82D1-3672984C6B0B}"
EndProject
Project("{FAE04EC0-301F-11D3-BF4B-00C04F79EFBC}") = "P191-ThePoint", "P191-ThePoint\P191-ThePoint.csproj", "{80323903-EB1A-413A-880B-968FE4D62BB7}"
EndProject
Project("{FAE04EC0-301F-11D3-BF4B-00C04F79EFBC}") = "P191-TheColor", "P191-TheColor\P191-TheColor.csproj", "{E0802037-50B3-4C52-8675-64734281B06F}"
EndProject
Project("{FAE04EC0-301F-11D3-BF4B-00C04F79EFBC}") = "P191-TheCard", "P191-TheCard\P191-TheCard.csproj", "{FA9DED0D-D6A0-47CF-AB98-B521FCE9D15E}"
EndProject
Project("{FAE04EC0-301F-11D3-BF4B-00C04F79EFBC}") = "P192-TheLockedDoor", "P192-TheLockedDoor\P192-TheLockedDoor.csproj", "{972908EE-0D7B-4C8D-869A-E05A76AF5B81}"
EndProject
Project("{FAE04EC0-301F-11D3-BF4B-00C04F79EFBC}") = "P192-ThePasswordValidator", "P192-ThePasswordValidator\P192-ThePasswordValidator.csproj", "{7A800559-C737-4535-854B-87FF4AA64FD6}"
EndProject
Project("{FAE04EC0-301F-11D3-BF4B-00C04F79EFBC}") = "P193-RockPaperScissorCRC", "P193-RockPaperScissorCRC\P193-RockPaperScissorCRC.csproj", "{13CC2009-6A1E-4512-AB5E-3E360DDE625D}"
EndProject
Project("{FAE04EC0-301F-11D3-BF4B-00C04F79EFBC}") = "P194-15Puzzle", "P194-15Puzzle\P194-15Puzzle.csproj", "{13E35B5D-FE91-4DE0-B4E2-41A1C9721036}"
EndProject
Project("{FAE04EC0-301F-11D3-BF4B-00C04F79EFBC}") = "P194-HangmanCRC", "P194-HangmanCRC\P194-HangmanCRC.csproj", "{737F8565-E82F-4DD9-8FFB-A7AB16A0CDCD}"
EndProject
Project("{FAE04EC0-301F-11D3-BF4B-00C04F79EFBC}") = "P195-TicTacToe", "P195-TicTacToe\P195-TicTacToe.csproj", "{43449A78-C629-4DEA-887B-43FDAA7D3112}"
EndProject
Project("{FAE04EC0-301F-11D3-BF4B-00C04F79EFBC}") = "P205-PackingInventory", "P205-PackingInventory\P205-PackingInventory.csproj", "{BEA81994-085E-41FC-838D-7E60246F0B3E}"
EndProject
Project("{FAE04EC0-301F-11D3-BF4B-00C04F79EFBC}") = "P209-LabelingInventory", "P209-LabelingInventory\P209-LabelingInventory.csproj", "{23AF7746-1F66-45C5-8CD1-6E31EA7A8844}"
EndProject
Project("{FAE04EC0-301F-11D3-BF4B-00C04F79EFBC}") = "P210-TheOldRobot", "P210-TheOldRobot\P210-TheOldRobot.csproj", "{2EDE3E31-36A1-4977-B675-2E2AFB63730F}"
EndProject
Project("{FAE04EC0-301F-11D3-BF4B-00C04F79EFBC}") = "P217-RoboticInterface", "P217-RoboticInterface\P217-RoboticInterface.csproj", "{E4A6294C-342B-42BE-AF02-4158BF6ADA73}"
EndProject
Project("{FAE04EC0-301F-11D3-BF4B-00C04F79EFBC}") = "P225-RoomCoordinates", "P225-RoomCoordinates\P225-RoomCoordinates.csproj", "{108F123D-2E77-4A25-BE3A-74D5AE8D945B}"
EndProject
Project("{FAE04EC0-301F-11D3-BF4B-00C04F79EFBC}") = "P231-WarPreparations", "P231-WarPreparations\P231-WarPreparations.csproj", "{F2887374-7F93-4C3F-B83D-B6FC6B15A480}"
EndProject
Project("{FAE04EC0-301F-11D3-BF4B-00C04F79EFBC}") = "P240-ColoredItems", "P240-ColoredItems\P240-ColoredItems.csproj", "{BCF31950-16F3-47D8-A7B1-048E9EB74CC4}"
EndProject
Project("{FAE04EC0-301F-11D3-BF4B-00C04F79EFBC}") = "P242-TheFountainOfObjects", "P242-TheFountainOfObjects\P242-TheFountainOfObjects.csproj", "{7841A213-3BBC-4F4D-B878-0BB52C5D29EB}"
EndProject
Project("{FAE04EC0-301F-11D3-BF4B-00C04F79EFBC}") = "P249-TheRobotPilot", "P249-TheRobotPilot\P249-TheRobotPilot.csproj", "{07DE83B1-247D-470B-9C2F-3F34BD3EDBBD}"
EndProject
Project("{FAE04EC0-301F-11D3-BF4B-00C04F79EFBC}") = "P255-ListsOfCommands", "P255-ListsOfCommands\P255-ListsOfCommands.csproj", "{6312153C-C90F-4DD9-B5CF-DF6010ED194C}"
EndProject
Project("{FAE04EC0-301F-11D3-BF4B-00C04F79EFBC}") = "P270E1-TheFued", "P270E1-TheFued\P270E1-TheFued.csproj", "{D4C2F389-FA09-4FDD-9F78-BABD55E781EC}"
EndProject
Project("{FAE04EC0-301F-11D3-BF4B-00C04F79EFBC}") = "P270E2-DuelingTraditions", "P270E2-DuelingTraditions\P270E2-DuelingTraditions.csproj", "{9BE20ADF-9A6B-4F38-84E2-E2E036FCF78F}"
EndProject
Project("{FAE04EC0-301F-11D3-BF4B-00C04F79EFBC}") = "P276-SaferNumberCrunching", "P276-SaferNumberCrunching\P276-SaferNumberCrunching.csproj", "{7AAC456D-7DE6-4594-973E-02FAF317E379}"
EndProject
Project("{FAE04EC0-301F-11D3-BF4B-00C04F79EFBC}") = "P278-BetterRandom", "P278-BetterRandom\P278-BetterRandom.csproj", "{C3D80053-AAD6-4F10-8D32-3608EB5C1648}"
EndProject
Project("{FAE04EC0-301F-11D3-BF4B-00C04F79EFBC}") = "P290-ExeptisGame", "P290-ExeptisGame\P290-ExeptisGame.csproj", "{5B234CF8-2C33-4DD7-A976-7B7D4D1609CE}"
EndProject
Project("{FAE04EC0-301F-11D3-BF4B-00C04F79EFBC}") = "P295-TheSieve", "P295-TheSieve\P295-TheSieve.csproj", "{C178B091-4FB2-441A-A990-7BA579330CD2}"
EndProject
Global
	GlobalSection(SolutionConfigurationPlatforms) = preSolution
		Debug|Any CPU = Debug|Any CPU
		Release|Any CPU = Release|Any CPU
	EndGlobalSection
	GlobalSection(ProjectConfigurationPlatforms) = postSolution
		{EA79371E-F240-420B-BAA4-D62D43DCF59E}.Debug|Any CPU.ActiveCfg = Debug|Any CPU
		{EA79371E-F240-420B-BAA4-D62D43DCF59E}.Debug|Any CPU.Build.0 = Debug|Any CPU
		{EA79371E-F240-420B-BAA4-D62D43DCF59E}.Release|Any CPU.ActiveCfg = Release|Any CPU
		{EA79371E-F240-420B-BAA4-D62D43DCF59E}.Release|Any CPU.Build.0 = Release|Any CPU
		{D16C9D47-8809-4024-8326-D87755AEB532}.Debug|Any CPU.ActiveCfg = Debug|Any CPU
		{D16C9D47-8809-4024-8326-D87755AEB532}.Debug|Any CPU.Build.0 = Debug|Any CPU
		{D16C9D47-8809-4024-8326-D87755AEB532}.Release|Any CPU.ActiveCfg = Release|Any CPU
		{D16C9D47-8809-4024-8326-D87755AEB532}.Release|Any CPU.Build.0 = Release|Any CPU
		{0CC7CA1E-77D9-4AD5-8DCA-EF664C77996C}.Debug|Any CPU.ActiveCfg = Debug|Any CPU
		{0CC7CA1E-77D9-4AD5-8DCA-EF664C77996C}.Debug|Any CPU.Build.0 = Debug|Any CPU
		{0CC7CA1E-77D9-4AD5-8DCA-EF664C77996C}.Release|Any CPU.ActiveCfg = Release|Any CPU
		{0CC7CA1E-77D9-4AD5-8DCA-EF664C77996C}.Release|Any CPU.Build.0 = Release|Any CPU
		{1B5F2114-3CFC-48A6-9488-81BF1EC04EBF}.Debug|Any CPU.ActiveCfg = Debug|Any CPU
		{1B5F2114-3CFC-48A6-9488-81BF1EC04EBF}.Debug|Any CPU.Build.0 = Debug|Any CPU
		{1B5F2114-3CFC-48A6-9488-81BF1EC04EBF}.Release|Any CPU.ActiveCfg = Release|Any CPU
		{1B5F2114-3CFC-48A6-9488-81BF1EC04EBF}.Release|Any CPU.Build.0 = Release|Any CPU
		{340F0907-CEF5-4A24-9298-06A50D897C04}.Debug|Any CPU.ActiveCfg = Debug|Any CPU
		{340F0907-CEF5-4A24-9298-06A50D897C04}.Debug|Any CPU.Build.0 = Debug|Any CPU
		{340F0907-CEF5-4A24-9298-06A50D897C04}.Release|Any CPU.ActiveCfg = Release|Any CPU
		{340F0907-CEF5-4A24-9298-06A50D897C04}.Release|Any CPU.Build.0 = Release|Any CPU
		{7F3AD952-C83B-4865-BE35-CCF643ADA7BD}.Debug|Any CPU.ActiveCfg = Debug|Any CPU
		{7F3AD952-C83B-4865-BE35-CCF643ADA7BD}.Debug|Any CPU.Build.0 = Debug|Any CPU
		{7F3AD952-C83B-4865-BE35-CCF643ADA7BD}.Release|Any CPU.ActiveCfg = Release|Any CPU
		{7F3AD952-C83B-4865-BE35-CCF643ADA7BD}.Release|Any CPU.Build.0 = Release|Any CPU
		{CA655C9B-9197-4641-9E42-1C778FEC3344}.Debug|Any CPU.ActiveCfg = Debug|Any CPU
		{CA655C9B-9197-4641-9E42-1C778FEC3344}.Debug|Any CPU.Build.0 = Debug|Any CPU
		{CA655C9B-9197-4641-9E42-1C778FEC3344}.Release|Any CPU.ActiveCfg = Release|Any CPU
		{CA655C9B-9197-4641-9E42-1C778FEC3344}.Release|Any CPU.Build.0 = Release|Any CPU
		{4E72A90D-22C3-45BC-958D-2904409EEA6A}.Debug|Any CPU.ActiveCfg = Debug|Any CPU
		{4E72A90D-22C3-45BC-958D-2904409EEA6A}.Debug|Any CPU.Build.0 = Debug|Any CPU
		{4E72A90D-22C3-45BC-958D-2904409EEA6A}.Release|Any CPU.ActiveCfg = Release|Any CPU
		{4E72A90D-22C3-45BC-958D-2904409EEA6A}.Release|Any CPU.Build.0 = Release|Any CPU
		{1FB8A29C-8BE4-4CFC-986E-AEB2D9DC7717}.Debug|Any CPU.ActiveCfg = Debug|Any CPU
		{1FB8A29C-8BE4-4CFC-986E-AEB2D9DC7717}.Debug|Any CPU.Build.0 = Debug|Any CPU
		{1FB8A29C-8BE4-4CFC-986E-AEB2D9DC7717}.Release|Any CPU.ActiveCfg = Release|Any CPU
		{1FB8A29C-8BE4-4CFC-986E-AEB2D9DC7717}.Release|Any CPU.Build.0 = Release|Any CPU
		{0435063F-A216-4414-B5E7-F83C4EDC4194}.Debug|Any CPU.ActiveCfg = Debug|Any CPU
		{0435063F-A216-4414-B5E7-F83C4EDC4194}.Debug|Any CPU.Build.0 = Debug|Any CPU
		{0435063F-A216-4414-B5E7-F83C4EDC4194}.Release|Any CPU.ActiveCfg = Release|Any CPU
		{0435063F-A216-4414-B5E7-F83C4EDC4194}.Release|Any CPU.Build.0 = Release|Any CPU
		{73355C57-C444-43FD-AF22-04E11FA3BA40}.Debug|Any CPU.ActiveCfg = Debug|Any CPU
		{73355C57-C444-43FD-AF22-04E11FA3BA40}.Debug|Any CPU.Build.0 = Debug|Any CPU
		{73355C57-C444-43FD-AF22-04E11FA3BA40}.Release|Any CPU.ActiveCfg = Release|Any CPU
		{73355C57-C444-43FD-AF22-04E11FA3BA40}.Release|Any CPU.Build.0 = Release|Any CPU
		{C5C1E685-9D9B-4B34-B7BF-5DE517A5A68E}.Debug|Any CPU.ActiveCfg = Debug|Any CPU
		{C5C1E685-9D9B-4B34-B7BF-5DE517A5A68E}.Debug|Any CPU.Build.0 = Debug|Any CPU
		{C5C1E685-9D9B-4B34-B7BF-5DE517A5A68E}.Release|Any CPU.ActiveCfg = Release|Any CPU
		{C5C1E685-9D9B-4B34-B7BF-5DE517A5A68E}.Release|Any CPU.Build.0 = Release|Any CPU
		{EBF18F83-0386-4906-BADF-4A2E5C111400}.Debug|Any CPU.ActiveCfg = Debug|Any CPU
		{EBF18F83-0386-4906-BADF-4A2E5C111400}.Debug|Any CPU.Build.0 = Debug|Any CPU
		{EBF18F83-0386-4906-BADF-4A2E5C111400}.Release|Any CPU.ActiveCfg = Release|Any CPU
		{EBF18F83-0386-4906-BADF-4A2E5C111400}.Release|Any CPU.Build.0 = Release|Any CPU
		{E1C5DB96-A016-463D-943A-05533D1942A3}.Debug|Any CPU.ActiveCfg = Debug|Any CPU
		{E1C5DB96-A016-463D-943A-05533D1942A3}.Debug|Any CPU.Build.0 = Debug|Any CPU
		{E1C5DB96-A016-463D-943A-05533D1942A3}.Release|Any CPU.ActiveCfg = Release|Any CPU
		{E1C5DB96-A016-463D-943A-05533D1942A3}.Release|Any CPU.Build.0 = Release|Any CPU
		{3591B12D-D709-44ED-A98E-83B6D15D05C2}.Debug|Any CPU.ActiveCfg = Debug|Any CPU
		{3591B12D-D709-44ED-A98E-83B6D15D05C2}.Debug|Any CPU.Build.0 = Debug|Any CPU
		{3591B12D-D709-44ED-A98E-83B6D15D05C2}.Release|Any CPU.ActiveCfg = Release|Any CPU
		{3591B12D-D709-44ED-A98E-83B6D15D05C2}.Release|Any CPU.Build.0 = Release|Any CPU
		{F74459C8-6B88-4C5E-B779-45584925AC25}.Debug|Any CPU.ActiveCfg = Debug|Any CPU
		{F74459C8-6B88-4C5E-B779-45584925AC25}.Debug|Any CPU.Build.0 = Debug|Any CPU
		{F74459C8-6B88-4C5E-B779-45584925AC25}.Release|Any CPU.ActiveCfg = Release|Any CPU
		{F74459C8-6B88-4C5E-B779-45584925AC25}.Release|Any CPU.Build.0 = Release|Any CPU
		{9E88D946-DA43-434D-8E2C-FC94A105DE1B}.Debug|Any CPU.ActiveCfg = Debug|Any CPU
		{9E88D946-DA43-434D-8E2C-FC94A105DE1B}.Debug|Any CPU.Build.0 = Debug|Any CPU
		{9E88D946-DA43-434D-8E2C-FC94A105DE1B}.Release|Any CPU.ActiveCfg = Release|Any CPU
		{9E88D946-DA43-434D-8E2C-FC94A105DE1B}.Release|Any CPU.Build.0 = Release|Any CPU
		{1C6723BD-D744-45A3-A8EF-2FD0593A6D75}.Debug|Any CPU.ActiveCfg = Debug|Any CPU
		{1C6723BD-D744-45A3-A8EF-2FD0593A6D75}.Debug|Any CPU.Build.0 = Debug|Any CPU
		{1C6723BD-D744-45A3-A8EF-2FD0593A6D75}.Release|Any CPU.ActiveCfg = Release|Any CPU
		{1C6723BD-D744-45A3-A8EF-2FD0593A6D75}.Release|Any CPU.Build.0 = Release|Any CPU
		{BC2EAD56-3339-4F17-9BF7-D57A61C20E2F}.Debug|Any CPU.ActiveCfg = Debug|Any CPU
		{BC2EAD56-3339-4F17-9BF7-D57A61C20E2F}.Debug|Any CPU.Build.0 = Debug|Any CPU
		{BC2EAD56-3339-4F17-9BF7-D57A61C20E2F}.Release|Any CPU.ActiveCfg = Release|Any CPU
		{BC2EAD56-3339-4F17-9BF7-D57A61C20E2F}.Release|Any CPU.Build.0 = Release|Any CPU
		{D280D14C-B89D-477C-BD36-5CD519260404}.Debug|Any CPU.ActiveCfg = Debug|Any CPU
		{D280D14C-B89D-477C-BD36-5CD519260404}.Debug|Any CPU.Build.0 = Debug|Any CPU
		{D280D14C-B89D-477C-BD36-5CD519260404}.Release|Any CPU.ActiveCfg = Release|Any CPU
		{D280D14C-B89D-477C-BD36-5CD519260404}.Release|Any CPU.Build.0 = Release|Any CPU
		{6FB28A3D-C781-420E-BC44-EA63DCA338CF}.Debug|Any CPU.ActiveCfg = Debug|Any CPU
		{6FB28A3D-C781-420E-BC44-EA63DCA338CF}.Debug|Any CPU.Build.0 = Debug|Any CPU
		{6FB28A3D-C781-420E-BC44-EA63DCA338CF}.Release|Any CPU.ActiveCfg = Release|Any CPU
		{6FB28A3D-C781-420E-BC44-EA63DCA338CF}.Release|Any CPU.Build.0 = Release|Any CPU
		{C84CB7E6-648A-43F2-9FF2-7B797E284875}.Debug|Any CPU.ActiveCfg = Debug|Any CPU
		{C84CB7E6-648A-43F2-9FF2-7B797E284875}.Debug|Any CPU.Build.0 = Debug|Any CPU
		{C84CB7E6-648A-43F2-9FF2-7B797E284875}.Release|Any CPU.ActiveCfg = Release|Any CPU
		{C84CB7E6-648A-43F2-9FF2-7B797E284875}.Release|Any CPU.Build.0 = Release|Any CPU
		{70C34D50-8AFD-457B-BDB6-219542140D91}.Debug|Any CPU.ActiveCfg = Debug|Any CPU
		{70C34D50-8AFD-457B-BDB6-219542140D91}.Debug|Any CPU.Build.0 = Debug|Any CPU
		{70C34D50-8AFD-457B-BDB6-219542140D91}.Release|Any CPU.ActiveCfg = Release|Any CPU
		{70C34D50-8AFD-457B-BDB6-219542140D91}.Release|Any CPU.Build.0 = Release|Any CPU
		{A8DB7F44-A4D1-43C0-AFDD-93EED2533A8F}.Debug|Any CPU.ActiveCfg = Debug|Any CPU
		{A8DB7F44-A4D1-43C0-AFDD-93EED2533A8F}.Debug|Any CPU.Build.0 = Debug|Any CPU
		{A8DB7F44-A4D1-43C0-AFDD-93EED2533A8F}.Release|Any CPU.ActiveCfg = Release|Any CPU
		{A8DB7F44-A4D1-43C0-AFDD-93EED2533A8F}.Release|Any CPU.Build.0 = Release|Any CPU
		{ADE6B86C-D8C9-4967-82D1-3672984C6B0B}.Debug|Any CPU.ActiveCfg = Debug|Any CPU
		{ADE6B86C-D8C9-4967-82D1-3672984C6B0B}.Debug|Any CPU.Build.0 = Debug|Any CPU
		{ADE6B86C-D8C9-4967-82D1-3672984C6B0B}.Release|Any CPU.ActiveCfg = Release|Any CPU
		{ADE6B86C-D8C9-4967-82D1-3672984C6B0B}.Release|Any CPU.Build.0 = Release|Any CPU
		{80323903-EB1A-413A-880B-968FE4D62BB7}.Debug|Any CPU.ActiveCfg = Debug|Any CPU
		{80323903-EB1A-413A-880B-968FE4D62BB7}.Debug|Any CPU.Build.0 = Debug|Any CPU
		{80323903-EB1A-413A-880B-968FE4D62BB7}.Release|Any CPU.ActiveCfg = Release|Any CPU
		{80323903-EB1A-413A-880B-968FE4D62BB7}.Release|Any CPU.Build.0 = Release|Any CPU
		{E0802037-50B3-4C52-8675-64734281B06F}.Debug|Any CPU.ActiveCfg = Debug|Any CPU
		{E0802037-50B3-4C52-8675-64734281B06F}.Debug|Any CPU.Build.0 = Debug|Any CPU
		{E0802037-50B3-4C52-8675-64734281B06F}.Release|Any CPU.ActiveCfg = Release|Any CPU
		{E0802037-50B3-4C52-8675-64734281B06F}.Release|Any CPU.Build.0 = Release|Any CPU
		{FA9DED0D-D6A0-47CF-AB98-B521FCE9D15E}.Debug|Any CPU.ActiveCfg = Debug|Any CPU
		{FA9DED0D-D6A0-47CF-AB98-B521FCE9D15E}.Debug|Any CPU.Build.0 = Debug|Any CPU
		{FA9DED0D-D6A0-47CF-AB98-B521FCE9D15E}.Release|Any CPU.ActiveCfg = Release|Any CPU
		{FA9DED0D-D6A0-47CF-AB98-B521FCE9D15E}.Release|Any CPU.Build.0 = Release|Any CPU
		{972908EE-0D7B-4C8D-869A-E05A76AF5B81}.Debug|Any CPU.ActiveCfg = Debug|Any CPU
		{972908EE-0D7B-4C8D-869A-E05A76AF5B81}.Debug|Any CPU.Build.0 = Debug|Any CPU
		{972908EE-0D7B-4C8D-869A-E05A76AF5B81}.Release|Any CPU.ActiveCfg = Release|Any CPU
		{972908EE-0D7B-4C8D-869A-E05A76AF5B81}.Release|Any CPU.Build.0 = Release|Any CPU
		{7A800559-C737-4535-854B-87FF4AA64FD6}.Debug|Any CPU.ActiveCfg = Debug|Any CPU
		{7A800559-C737-4535-854B-87FF4AA64FD6}.Debug|Any CPU.Build.0 = Debug|Any CPU
		{7A800559-C737-4535-854B-87FF4AA64FD6}.Release|Any CPU.ActiveCfg = Release|Any CPU
		{7A800559-C737-4535-854B-87FF4AA64FD6}.Release|Any CPU.Build.0 = Release|Any CPU
		{13CC2009-6A1E-4512-AB5E-3E360DDE625D}.Debug|Any CPU.ActiveCfg = Debug|Any CPU
		{13CC2009-6A1E-4512-AB5E-3E360DDE625D}.Debug|Any CPU.Build.0 = Debug|Any CPU
		{13CC2009-6A1E-4512-AB5E-3E360DDE625D}.Release|Any CPU.ActiveCfg = Release|Any CPU
		{13CC2009-6A1E-4512-AB5E-3E360DDE625D}.Release|Any CPU.Build.0 = Release|Any CPU
		{13E35B5D-FE91-4DE0-B4E2-41A1C9721036}.Debug|Any CPU.ActiveCfg = Debug|Any CPU
		{13E35B5D-FE91-4DE0-B4E2-41A1C9721036}.Debug|Any CPU.Build.0 = Debug|Any CPU
		{13E35B5D-FE91-4DE0-B4E2-41A1C9721036}.Release|Any CPU.ActiveCfg = Release|Any CPU
		{13E35B5D-FE91-4DE0-B4E2-41A1C9721036}.Release|Any CPU.Build.0 = Release|Any CPU
		{737F8565-E82F-4DD9-8FFB-A7AB16A0CDCD}.Debug|Any CPU.ActiveCfg = Debug|Any CPU
		{737F8565-E82F-4DD9-8FFB-A7AB16A0CDCD}.Debug|Any CPU.Build.0 = Debug|Any CPU
		{737F8565-E82F-4DD9-8FFB-A7AB16A0CDCD}.Release|Any CPU.ActiveCfg = Release|Any CPU
		{737F8565-E82F-4DD9-8FFB-A7AB16A0CDCD}.Release|Any CPU.Build.0 = Release|Any CPU
		{43449A78-C629-4DEA-887B-43FDAA7D3112}.Debug|Any CPU.ActiveCfg = Debug|Any CPU
		{43449A78-C629-4DEA-887B-43FDAA7D3112}.Debug|Any CPU.Build.0 = Debug|Any CPU
		{43449A78-C629-4DEA-887B-43FDAA7D3112}.Release|Any CPU.ActiveCfg = Release|Any CPU
		{43449A78-C629-4DEA-887B-43FDAA7D3112}.Release|Any CPU.Build.0 = Release|Any CPU
		{BEA81994-085E-41FC-838D-7E60246F0B3E}.Debug|Any CPU.ActiveCfg = Debug|Any CPU
		{BEA81994-085E-41FC-838D-7E60246F0B3E}.Debug|Any CPU.Build.0 = Debug|Any CPU
		{BEA81994-085E-41FC-838D-7E60246F0B3E}.Release|Any CPU.ActiveCfg = Release|Any CPU
		{BEA81994-085E-41FC-838D-7E60246F0B3E}.Release|Any CPU.Build.0 = Release|Any CPU
		{23AF7746-1F66-45C5-8CD1-6E31EA7A8844}.Debug|Any CPU.ActiveCfg = Debug|Any CPU
		{23AF7746-1F66-45C5-8CD1-6E31EA7A8844}.Debug|Any CPU.Build.0 = Debug|Any CPU
		{23AF7746-1F66-45C5-8CD1-6E31EA7A8844}.Release|Any CPU.ActiveCfg = Release|Any CPU
		{23AF7746-1F66-45C5-8CD1-6E31EA7A8844}.Release|Any CPU.Build.0 = Release|Any CPU
		{2EDE3E31-36A1-4977-B675-2E2AFB63730F}.Debug|Any CPU.ActiveCfg = Debug|Any CPU
		{2EDE3E31-36A1-4977-B675-2E2AFB63730F}.Debug|Any CPU.Build.0 = Debug|Any CPU
		{2EDE3E31-36A1-4977-B675-2E2AFB63730F}.Release|Any CPU.ActiveCfg = Release|Any CPU
		{2EDE3E31-36A1-4977-B675-2E2AFB63730F}.Release|Any CPU.Build.0 = Release|Any CPU
		{E4A6294C-342B-42BE-AF02-4158BF6ADA73}.Debug|Any CPU.ActiveCfg = Debug|Any CPU
		{E4A6294C-342B-42BE-AF02-4158BF6ADA73}.Debug|Any CPU.Build.0 = Debug|Any CPU
		{E4A6294C-342B-42BE-AF02-4158BF6ADA73}.Release|Any CPU.ActiveCfg = Release|Any CPU
		{E4A6294C-342B-42BE-AF02-4158BF6ADA73}.Release|Any CPU.Build.0 = Release|Any CPU
		{108F123D-2E77-4A25-BE3A-74D5AE8D945B}.Debug|Any CPU.ActiveCfg = Debug|Any CPU
		{108F123D-2E77-4A25-BE3A-74D5AE8D945B}.Debug|Any CPU.Build.0 = Debug|Any CPU
		{108F123D-2E77-4A25-BE3A-74D5AE8D945B}.Release|Any CPU.ActiveCfg = Release|Any CPU
		{108F123D-2E77-4A25-BE3A-74D5AE8D945B}.Release|Any CPU.Build.0 = Release|Any CPU
		{F2887374-7F93-4C3F-B83D-B6FC6B15A480}.Debug|Any CPU.ActiveCfg = Debug|Any CPU
		{F2887374-7F93-4C3F-B83D-B6FC6B15A480}.Debug|Any CPU.Build.0 = Debug|Any CPU
		{F2887374-7F93-4C3F-B83D-B6FC6B15A480}.Release|Any CPU.ActiveCfg = Release|Any CPU
		{F2887374-7F93-4C3F-B83D-B6FC6B15A480}.Release|Any CPU.Build.0 = Release|Any CPU
		{BCF31950-16F3-47D8-A7B1-048E9EB74CC4}.Debug|Any CPU.ActiveCfg = Debug|Any CPU
		{BCF31950-16F3-47D8-A7B1-048E9EB74CC4}.Debug|Any CPU.Build.0 = Debug|Any CPU
		{BCF31950-16F3-47D8-A7B1-048E9EB74CC4}.Release|Any CPU.ActiveCfg = Release|Any CPU
		{BCF31950-16F3-47D8-A7B1-048E9EB74CC4}.Release|Any CPU.Build.0 = Release|Any CPU
		{7841A213-3BBC-4F4D-B878-0BB52C5D29EB}.Debug|Any CPU.ActiveCfg = Debug|Any CPU
		{7841A213-3BBC-4F4D-B878-0BB52C5D29EB}.Debug|Any CPU.Build.0 = Debug|Any CPU
		{7841A213-3BBC-4F4D-B878-0BB52C5D29EB}.Release|Any CPU.ActiveCfg = Release|Any CPU
		{7841A213-3BBC-4F4D-B878-0BB52C5D29EB}.Release|Any CPU.Build.0 = Release|Any CPU
		{07DE83B1-247D-470B-9C2F-3F34BD3EDBBD}.Debug|Any CPU.ActiveCfg = Debug|Any CPU
		{07DE83B1-247D-470B-9C2F-3F34BD3EDBBD}.Debug|Any CPU.Build.0 = Debug|Any CPU
		{07DE83B1-247D-470B-9C2F-3F34BD3EDBBD}.Release|Any CPU.ActiveCfg = Release|Any CPU
		{07DE83B1-247D-470B-9C2F-3F34BD3EDBBD}.Release|Any CPU.Build.0 = Release|Any CPU
		{6312153C-C90F-4DD9-B5CF-DF6010ED194C}.Debug|Any CPU.ActiveCfg = Debug|Any CPU
		{6312153C-C90F-4DD9-B5CF-DF6010ED194C}.Debug|Any CPU.Build.0 = Debug|Any CPU
		{6312153C-C90F-4DD9-B5CF-DF6010ED194C}.Release|Any CPU.ActiveCfg = Release|Any CPU
		{6312153C-C90F-4DD9-B5CF-DF6010ED194C}.Release|Any CPU.Build.0 = Release|Any CPU
		{D4C2F389-FA09-4FDD-9F78-BABD55E781EC}.Debug|Any CPU.ActiveCfg = Debug|Any CPU
		{D4C2F389-FA09-4FDD-9F78-BABD55E781EC}.Debug|Any CPU.Build.0 = Debug|Any CPU
		{D4C2F389-FA09-4FDD-9F78-BABD55E781EC}.Release|Any CPU.ActiveCfg = Release|Any CPU
		{D4C2F389-FA09-4FDD-9F78-BABD55E781EC}.Release|Any CPU.Build.0 = Release|Any CPU
		{9BE20ADF-9A6B-4F38-84E2-E2E036FCF78F}.Debug|Any CPU.ActiveCfg = Debug|Any CPU
		{9BE20ADF-9A6B-4F38-84E2-E2E036FCF78F}.Debug|Any CPU.Build.0 = Debug|Any CPU
		{9BE20ADF-9A6B-4F38-84E2-E2E036FCF78F}.Release|Any CPU.ActiveCfg = Release|Any CPU
		{9BE20ADF-9A6B-4F38-84E2-E2E036FCF78F}.Release|Any CPU.Build.0 = Release|Any CPU
		{7AAC456D-7DE6-4594-973E-02FAF317E379}.Debug|Any CPU.ActiveCfg = Debug|Any CPU
		{7AAC456D-7DE6-4594-973E-02FAF317E379}.Debug|Any CPU.Build.0 = Debug|Any CPU
		{7AAC456D-7DE6-4594-973E-02FAF317E379}.Release|Any CPU.ActiveCfg = Release|Any CPU
		{7AAC456D-7DE6-4594-973E-02FAF317E379}.Release|Any CPU.Build.0 = Release|Any CPU
		{C3D80053-AAD6-4F10-8D32-3608EB5C1648}.Debug|Any CPU.ActiveCfg = Debug|Any CPU
		{C3D80053-AAD6-4F10-8D32-3608EB5C1648}.Debug|Any CPU.Build.0 = Debug|Any CPU
		{C3D80053-AAD6-4F10-8D32-3608EB5C1648}.Release|Any CPU.ActiveCfg = Release|Any CPU
		{C3D80053-AAD6-4F10-8D32-3608EB5C1648}.Release|Any CPU.Build.0 = Release|Any CPU
		{5B234CF8-2C33-4DD7-A976-7B7D4D1609CE}.Debug|Any CPU.ActiveCfg = Debug|Any CPU
		{5B234CF8-2C33-4DD7-A976-7B7D4D1609CE}.Debug|Any CPU.Build.0 = Debug|Any CPU
		{5B234CF8-2C33-4DD7-A976-7B7D4D1609CE}.Release|Any CPU.ActiveCfg = Release|Any CPU
		{5B234CF8-2C33-4DD7-A976-7B7D4D1609CE}.Release|Any CPU.Build.0 = Release|Any CPU
		{C178B091-4FB2-441A-A990-7BA579330CD2}.Debug|Any CPU.ActiveCfg = Debug|Any CPU
		{C178B091-4FB2-441A-A990-7BA579330CD2}.Debug|Any CPU.Build.0 = Debug|Any CPU
		{C178B091-4FB2-441A-A990-7BA579330CD2}.Release|Any CPU.ActiveCfg = Release|Any CPU
		{C178B091-4FB2-441A-A990-7BA579330CD2}.Release|Any CPU.Build.0 = Release|Any CPU
	EndGlobalSection
	GlobalSection(NestedProjects) = preSolution
	EndGlobalSection
EndGlobal
